// !$*UTF8*$!
{
	archiveVersion = 1;
	classes = {
	};
	objectVersion = 50;
	objects = {

/* Begin PBXBuildFile section */
		3B42C8F525B2B8A30033900B /* CocoSyncApp.swift in Sources */ = {isa = PBXBuildFile; fileRef = 3B42C8F425B2B8A30033900B /* CocoSyncApp.swift */; };
		3B42C8F725B2B8A30033900B /* ContentView.swift in Sources */ = {isa = PBXBuildFile; fileRef = 3B42C8F625B2B8A30033900B /* ContentView.swift */; };
		3B42C8F925B2B8A30033900B /* Assets.xcassets in Resources */ = {isa = PBXBuildFile; fileRef = 3B42C8F825B2B8A30033900B /* Assets.xcassets */; };
		3B42C8FC25B2B8A30033900B /* Preview Assets.xcassets in Resources */ = {isa = PBXBuildFile; fileRef = 3B42C8FB25B2B8A30033900B /* Preview Assets.xcassets */; };
		3B42C90725B2B8A40033900B /* CocoSyncTests.swift in Sources */ = {isa = PBXBuildFile; fileRef = 3B42C90625B2B8A40033900B /* CocoSyncTests.swift */; };
		3B42C91225B2B8A40033900B /* CocoSyncUITests.swift in Sources */ = {isa = PBXBuildFile; fileRef = 3B42C91125B2B8A40033900B /* CocoSyncUITests.swift */; };
/* End PBXBuildFile section */

/* Begin PBXContainerItemProxy section */
		3B42C90325B2B8A40033900B /* PBXContainerItemProxy */ = {
			isa = PBXContainerItemProxy;
			containerPortal = 3B42C8E925B2B8A30033900B /* Project object */;
			proxyType = 1;
			remoteGlobalIDString = 3B42C8F025B2B8A30033900B;
			remoteInfo = CocoSync;
		};
		3B42C90E25B2B8A40033900B /* PBXContainerItemProxy */ = {
			isa = PBXContainerItemProxy;
			containerPortal = 3B42C8E925B2B8A30033900B /* Project object */;
			proxyType = 1;
			remoteGlobalIDString = 3B42C8F025B2B8A30033900B;
			remoteInfo = CocoSync;
		};
/* End PBXContainerItemProxy section */

/* Begin PBXFileReference section */
		3B42C8F125B2B8A30033900B /* CocoSync.app */ = {isa = PBXFileReference; explicitFileType = wrapper.application; includeInIndex = 0; path = CocoSync.app; sourceTree = BUILT_PRODUCTS_DIR; };
		3B42C8F425B2B8A30033900B /* CocoSyncApp.swift */ = {isa = PBXFileReference; lastKnownFileType = sourcecode.swift; path = CocoSyncApp.swift; sourceTree = "<group>"; };
		3B42C8F625B2B8A30033900B /* ContentView.swift */ = {isa = PBXFileReference; lastKnownFileType = sourcecode.swift; path = ContentView.swift; sourceTree = "<group>"; };
		3B42C8F825B2B8A30033900B /* Assets.xcassets */ = {isa = PBXFileReference; lastKnownFileType = folder.assetcatalog; path = Assets.xcassets; sourceTree = "<group>"; };
		3B42C8FB25B2B8A30033900B /* Preview Assets.xcassets */ = {isa = PBXFileReference; lastKnownFileType = folder.assetcatalog; path = "Preview Assets.xcassets"; sourceTree = "<group>"; };
		3B42C8FD25B2B8A30033900B /* Info.plist */ = {isa = PBXFileReference; lastKnownFileType = text.plist.xml; path = Info.plist; sourceTree = "<group>"; };
		3B42C90225B2B8A40033900B /* CocoSyncTests.xctest */ = {isa = PBXFileReference; explicitFileType = wrapper.cfbundle; includeInIndex = 0; path = CocoSyncTests.xctest; sourceTree = BUILT_PRODUCTS_DIR; };
		3B42C90625B2B8A40033900B /* CocoSyncTests.swift */ = {isa = PBXFileReference; lastKnownFileType = sourcecode.swift; path = CocoSyncTests.swift; sourceTree = "<group>"; };
		3B42C90825B2B8A40033900B /* Info.plist */ = {isa = PBXFileReference; lastKnownFileType = text.plist.xml; path = Info.plist; sourceTree = "<group>"; };
		3B42C90D25B2B8A40033900B /* CocoSyncUITests.xctest */ = {isa = PBXFileReference; explicitFileType = wrapper.cfbundle; includeInIndex = 0; path = CocoSyncUITests.xctest; sourceTree = BUILT_PRODUCTS_DIR; };
		3B42C91125B2B8A40033900B /* CocoSyncUITests.swift */ = {isa = PBXFileReference; lastKnownFileType = sourcecode.swift; path = CocoSyncUITests.swift; sourceTree = "<group>"; };
		3B42C91325B2B8A40033900B /* Info.plist */ = {isa = PBXFileReference; lastKnownFileType = text.plist.xml; path = Info.plist; sourceTree = "<group>"; };
/* End PBXFileReference section */

/* Begin PBXFrameworksBuildPhase section */
		3B42C8EE25B2B8A30033900B /* Frameworks */ = {
			isa = PBXFrameworksBuildPhase;
			buildActionMask = 2147483647;
			files = (
			);
			runOnlyForDeploymentPostprocessing = 0;
		};
		3B42C8FF25B2B8A40033900B /* Frameworks */ = {
			isa = PBXFrameworksBuildPhase;
			buildActionMask = 2147483647;
			files = (
			);
			runOnlyForDeploymentPostprocessing = 0;
		};
		3B42C90A25B2B8A40033900B /* Frameworks */ = {
			isa = PBXFrameworksBuildPhase;
			buildActionMask = 2147483647;
			files = (
			);
			runOnlyForDeploymentPostprocessing = 0;
		};
/* End PBXFrameworksBuildPhase section */

/* Begin PBXGroup section */
		3B42C8E825B2B8A30033900B = {
			isa = PBXGroup;
			children = (
				3B42C8F325B2B8A30033900B /* CocoSync */,
				3B42C90525B2B8A40033900B /* CocoSyncTests */,
				3B42C91025B2B8A40033900B /* CocoSyncUITests */,
				3B42C8F225B2B8A30033900B /* Products */,
			);
			sourceTree = "<group>";
		};
		3B42C8F225B2B8A30033900B /* Products */ = {
			isa = PBXGroup;
			children = (
				3B42C8F125B2B8A30033900B /* CocoSync.app */,
				3B42C90225B2B8A40033900B /* CocoSyncTests.xctest */,
				3B42C90D25B2B8A40033900B /* CocoSyncUITests.xctest */,
			);
			name = Products;
			sourceTree = "<group>";
		};
		3B42C8F325B2B8A30033900B /* CocoSync */ = {
			isa = PBXGroup;
			children = (
				3B42C8F425B2B8A30033900B /* CocoSyncApp.swift */,
				3B42C8F625B2B8A30033900B /* ContentView.swift */,
				3B42C8F825B2B8A30033900B /* Assets.xcassets */,
				3B42C8FD25B2B8A30033900B /* Info.plist */,
				3B42C8FA25B2B8A30033900B /* Preview Content */,
			);
			path = CocoSync;
			sourceTree = "<group>";
		};
		3B42C8FA25B2B8A30033900B /* Preview Content */ = {
			isa = PBXGroup;
			children = (
				3B42C8FB25B2B8A30033900B /* Preview Assets.xcassets */,
			);
			path = "Preview Content";
			sourceTree = "<group>";
		};
		3B42C90525B2B8A40033900B /* CocoSyncTests */ = {
			isa = PBXGroup;
			children = (
				3B42C90625B2B8A40033900B /* CocoSyncTests.swift */,
				3B42C90825B2B8A40033900B /* Info.plist */,
			);
			path = CocoSyncTests;
			sourceTree = "<group>";
		};
		3B42C91025B2B8A40033900B /* CocoSyncUITests */ = {
			isa = PBXGroup;
			children = (
				3B42C91125B2B8A40033900B /* CocoSyncUITests.swift */,
				3B42C91325B2B8A40033900B /* Info.plist */,
			);
			path = CocoSyncUITests;
			sourceTree = "<group>";
		};
/* End PBXGroup section */

/* Begin PBXNativeTarget section */
		3B42C8F025B2B8A30033900B /* CocoSync */ = {
			isa = PBXNativeTarget;
			buildConfigurationList = 3B42C91625B2B8A40033900B /* Build configuration list for PBXNativeTarget "CocoSync" */;
			buildPhases = (
				3B42C8ED25B2B8A30033900B /* Sources */,
				3B42C8EE25B2B8A30033900B /* Frameworks */,
				3B42C8EF25B2B8A30033900B /* Resources */,
			);
			buildRules = (
			);
			dependencies = (
			);
			name = CocoSync;
			productName = CocoSync;
			productReference = 3B42C8F125B2B8A30033900B /* CocoSync.app */;
			productType = "com.apple.product-type.application";
		};
		3B42C90125B2B8A40033900B /* CocoSyncTests */ = {
			isa = PBXNativeTarget;
			buildConfigurationList = 3B42C91925B2B8A40033900B /* Build configuration list for PBXNativeTarget "CocoSyncTests" */;
			buildPhases = (
				3B42C8FE25B2B8A40033900B /* Sources */,
				3B42C8FF25B2B8A40033900B /* Frameworks */,
				3B42C90025B2B8A40033900B /* Resources */,
			);
			buildRules = (
			);
			dependencies = (
				3B42C90425B2B8A40033900B /* PBXTargetDependency */,
			);
			name = CocoSyncTests;
			productName = CocoSyncTests;
			productReference = 3B42C90225B2B8A40033900B /* CocoSyncTests.xctest */;
			productType = "com.apple.product-type.bundle.unit-test";
		};
		3B42C90C25B2B8A40033900B /* CocoSyncUITests */ = {
			isa = PBXNativeTarget;
			buildConfigurationList = 3B42C91C25B2B8A40033900B /* Build configuration list for PBXNativeTarget "CocoSyncUITests" */;
			buildPhases = (
				3B42C90925B2B8A40033900B /* Sources */,
				3B42C90A25B2B8A40033900B /* Frameworks */,
				3B42C90B25B2B8A40033900B /* Resources */,
			);
			buildRules = (
			);
			dependencies = (
				3B42C90F25B2B8A40033900B /* PBXTargetDependency */,
			);
			name = CocoSyncUITests;
			productName = CocoSyncUITests;
			productReference = 3B42C90D25B2B8A40033900B /* CocoSyncUITests.xctest */;
			productType = "com.apple.product-type.bundle.ui-testing";
		};
/* End PBXNativeTarget section */

/* Begin PBXProject section */
		3B42C8E925B2B8A30033900B /* Project object */ = {
			isa = PBXProject;
			attributes = {
				LastSwiftUpdateCheck = 1230;
				LastUpgradeCheck = 1230;
				TargetAttributes = {
					3B42C8F025B2B8A30033900B = {
						CreatedOnToolsVersion = 12.3;
					};
					3B42C90125B2B8A40033900B = {
						CreatedOnToolsVersion = 12.3;
						TestTargetID = 3B42C8F025B2B8A30033900B;
					};
					3B42C90C25B2B8A40033900B = {
						CreatedOnToolsVersion = 12.3;
						TestTargetID = 3B42C8F025B2B8A30033900B;
					};
				};
			};
			buildConfigurationList = 3B42C8EC25B2B8A30033900B /* Build configuration list for PBXProject "CocoSync" */;
			compatibilityVersion = "Xcode 9.3";
			developmentRegion = en;
			hasScannedForEncodings = 0;
			knownRegions = (
				en,
				Base,
			);
			mainGroup = 3B42C8E825B2B8A30033900B;
			productRefGroup = 3B42C8F225B2B8A30033900B /* Products */;
			projectDirPath = "";
			projectRoot = "";
			targets = (
				3B42C8F025B2B8A30033900B /* CocoSync */,
				3B42C90125B2B8A40033900B /* CocoSyncTests */,
				3B42C90C25B2B8A40033900B /* CocoSyncUITests */,
			);
		};
/* End PBXProject section */

/* Begin PBXResourcesBuildPhase section */
		3B42C8EF25B2B8A30033900B /* Resources */ = {
			isa = PBXResourcesBuildPhase;
			buildActionMask = 2147483647;
			files = (
				3B42C8FC25B2B8A30033900B /* Preview Assets.xcassets in Resources */,
				3B42C8F925B2B8A30033900B /* Assets.xcassets in Resources */,
			);
			runOnlyForDeploymentPostprocessing = 0;
		};
		3B42C90025B2B8A40033900B /* Resources */ = {
			isa = PBXResourcesBuildPhase;
			buildActionMask = 2147483647;
			files = (
			);
			runOnlyForDeploymentPostprocessing = 0;
		};
		3B42C90B25B2B8A40033900B /* Resources */ = {
			isa = PBXResourcesBuildPhase;
			buildActionMask = 2147483647;
			files = (
			);
			runOnlyForDeploymentPostprocessing = 0;
		};
/* End PBXResourcesBuildPhase section */

/* Begin PBXSourcesBuildPhase section */
		3B42C8ED25B2B8A30033900B /* Sources */ = {
			isa = PBXSourcesBuildPhase;
			buildActionMask = 2147483647;
			files = (
				3B42C8F725B2B8A30033900B /* ContentView.swift in Sources */,
				3B42C8F525B2B8A30033900B /* CocoSyncApp.swift in Sources */,
			);
			runOnlyForDeploymentPostprocessing = 0;
		};
		3B42C8FE25B2B8A40033900B /* Sources */ = {
			isa = PBXSourcesBuildPhase;
			buildActionMask = 2147483647;
			files = (
				3B42C90725B2B8A40033900B /* CocoSyncTests.swift in Sources */,
			);
			runOnlyForDeploymentPostprocessing = 0;
		};
		3B42C90925B2B8A40033900B /* Sources */ = {
			isa = PBXSourcesBuildPhase;
			buildActionMask = 2147483647;
			files = (
				3B42C91225B2B8A40033900B /* CocoSyncUITests.swift in Sources */,
			);
			runOnlyForDeploymentPostprocessing = 0;
		};
/* End PBXSourcesBuildPhase section */

/* Begin PBXTargetDependency section */
		3B42C90425B2B8A40033900B /* PBXTargetDependency */ = {
			isa = PBXTargetDependency;
			target = 3B42C8F025B2B8A30033900B /* CocoSync */;
			targetProxy = 3B42C90325B2B8A40033900B /* PBXContainerItemProxy */;
		};
		3B42C90F25B2B8A40033900B /* PBXTargetDependency */ = {
			isa = PBXTargetDependency;
			target = 3B42C8F025B2B8A30033900B /* CocoSync */;
			targetProxy = 3B42C90E25B2B8A40033900B /* PBXContainerItemProxy */;
		};
/* End PBXTargetDependency section */

/* Begin XCBuildConfiguration section */
		3B42C91425B2B8A40033900B /* Debug */ = {
			isa = XCBuildConfiguration;
			buildSettings = {
				ALWAYS_SEARCH_USER_PATHS = NO;
				CLANG_ANALYZER_NONNULL = YES;
				CLANG_ANALYZER_NUMBER_OBJECT_CONVERSION = YES_AGGRESSIVE;
				CLANG_CXX_LANGUAGE_STANDARD = "gnu++14";
				CLANG_CXX_LIBRARY = "libc++";
				CLANG_ENABLE_MODULES = YES;
				CLANG_ENABLE_OBJC_ARC = YES;
				CLANG_ENABLE_OBJC_WEAK = YES;
				CLANG_WARN_BLOCK_CAPTURE_AUTORELEASING = YES;
				CLANG_WARN_BOOL_CONVERSION = YES;
				CLANG_WARN_COMMA = YES;
				CLANG_WARN_CONSTANT_CONVERSION = YES;
				CLANG_WARN_DEPRECATED_OBJC_IMPLEMENTATIONS = YES;
				CLANG_WARN_DIRECT_OBJC_ISA_USAGE = YES_ERROR;
				CLANG_WARN_DOCUMENTATION_COMMENTS = YES;
				CLANG_WARN_EMPTY_BODY = YES;
				CLANG_WARN_ENUM_CONVERSION = YES;
				CLANG_WARN_INFINITE_RECURSION = YES;
				CLANG_WARN_INT_CONVERSION = YES;
				CLANG_WARN_NON_LITERAL_NULL_CONVERSION = YES;
				CLANG_WARN_OBJC_IMPLICIT_RETAIN_SELF = YES;
				CLANG_WARN_OBJC_LITERAL_CONVERSION = YES;
				CLANG_WARN_OBJC_ROOT_CLASS = YES_ERROR;
				CLANG_WARN_QUOTED_INCLUDE_IN_FRAMEWORK_HEADER = YES;
				CLANG_WARN_RANGE_LOOP_ANALYSIS = YES;
				CLANG_WARN_STRICT_PROTOTYPES = YES;
				CLANG_WARN_SUSPICIOUS_MOVE = YES;
				CLANG_WARN_UNGUARDED_AVAILABILITY = YES_AGGRESSIVE;
				CLANG_WARN_UNREACHABLE_CODE = YES;
				CLANG_WARN__DUPLICATE_METHOD_MATCH = YES;
				COPY_PHASE_STRIP = NO;
				DEBUG_INFORMATION_FORMAT = dwarf;
				ENABLE_STRICT_OBJC_MSGSEND = YES;
				ENABLE_TESTABILITY = YES;
				GCC_C_LANGUAGE_STANDARD = gnu11;
				GCC_DYNAMIC_NO_PIC = NO;
				GCC_NO_COMMON_BLOCKS = YES;
				GCC_OPTIMIZATION_LEVEL = 0;
				GCC_PREPROCESSOR_DEFINITIONS = (
					"DEBUG=1",
					"$(inherited)",
				);
				GCC_WARN_64_TO_32_BIT_CONVERSION = YES;
				GCC_WARN_ABOUT_RETURN_TYPE = YES_ERROR;
				GCC_WARN_UNDECLARED_SELECTOR = YES;
				GCC_WARN_UNINITIALIZED_AUTOS = YES_AGGRESSIVE;
				GCC_WARN_UNUSED_FUNCTION = YES;
				GCC_WARN_UNUSED_VARIABLE = YES;
				IPHONEOS_DEPLOYMENT_TARGET = 14.3;
				MTL_ENABLE_DEBUG_INFO = INCLUDE_SOURCE;
				MTL_FAST_MATH = YES;
				ONLY_ACTIVE_ARCH = YES;
				SDKROOT = iphoneos;
				SWIFT_ACTIVE_COMPILATION_CONDITIONS = DEBUG;
				SWIFT_OPTIMIZATION_LEVEL = "-Onone";
			};
			name = Debug;
		};
		3B42C91525B2B8A40033900B /* Release */ = {
			isa = XCBuildConfiguration;
			buildSettings = {
				ALWAYS_SEARCH_USER_PATHS = NO;
				CLANG_ANALYZER_NONNULL = YES;
				CLANG_ANALYZER_NUMBER_OBJECT_CONVERSION = YES_AGGRESSIVE;
				CLANG_CXX_LANGUAGE_STANDARD = "gnu++14";
				CLANG_CXX_LIBRARY = "libc++";
				CLANG_ENABLE_MODULES = YES;
				CLANG_ENABLE_OBJC_ARC = YES;
				CLANG_ENABLE_OBJC_WEAK = YES;
				CLANG_WARN_BLOCK_CAPTURE_AUTORELEASING = YES;
				CLANG_WARN_BOOL_CONVERSION = YES;
				CLANG_WARN_COMMA = YES;
				CLANG_WARN_CONSTANT_CONVERSION = YES;
				CLANG_WARN_DEPRECATED_OBJC_IMPLEMENTATIONS = YES;
				CLANG_WARN_DIRECT_OBJC_ISA_USAGE = YES_ERROR;
				CLANG_WARN_DOCUMENTATION_COMMENTS = YES;
				CLANG_WARN_EMPTY_BODY = YES;
				CLANG_WARN_ENUM_CONVERSION = YES;
				CLANG_WARN_INFINITE_RECURSION = YES;
				CLANG_WARN_INT_CONVERSION = YES;
				CLANG_WARN_NON_LITERAL_NULL_CONVERSION = YES;
				CLANG_WARN_OBJC_IMPLICIT_RETAIN_SELF = YES;
				CLANG_WARN_OBJC_LITERAL_CONVERSION = YES;
				CLANG_WARN_OBJC_ROOT_CLASS = YES_ERROR;
				CLANG_WARN_QUOTED_INCLUDE_IN_FRAMEWORK_HEADER = YES;
				CLANG_WARN_RANGE_LOOP_ANALYSIS = YES;
				CLANG_WARN_STRICT_PROTOTYPES = YES;
				CLANG_WARN_SUSPICIOUS_MOVE = YES;
				CLANG_WARN_UNGUARDED_AVAILABILITY = YES_AGGRESSIVE;
				CLANG_WARN_UNREACHABLE_CODE = YES;
				CLANG_WARN__DUPLICATE_METHOD_MATCH = YES;
				COPY_PHASE_STRIP = NO;
				DEBUG_INFORMATION_FORMAT = "dwarf-with-dsym";
				ENABLE_NS_ASSERTIONS = NO;
				ENABLE_STRICT_OBJC_MSGSEND = YES;
				GCC_C_LANGUAGE_STANDARD = gnu11;
				GCC_NO_COMMON_BLOCKS = YES;
				GCC_WARN_64_TO_32_BIT_CONVERSION = YES;
				GCC_WARN_ABOUT_RETURN_TYPE = YES_ERROR;
				GCC_WARN_UNDECLARED_SELECTOR = YES;
				GCC_WARN_UNINITIALIZED_AUTOS = YES_AGGRESSIVE;
				GCC_WARN_UNUSED_FUNCTION = YES;
				GCC_WARN_UNUSED_VARIABLE = YES;
				IPHONEOS_DEPLOYMENT_TARGET = 14.3;
				MTL_ENABLE_DEBUG_INFO = NO;
				MTL_FAST_MATH = YES;
				SDKROOT = iphoneos;
				SWIFT_COMPILATION_MODE = wholemodule;
				SWIFT_OPTIMIZATION_LEVEL = "-O";
				VALIDATE_PRODUCT = YES;
			};
			name = Release;
		};
		3B42C91725B2B8A40033900B /* Debug */ = {
			isa = XCBuildConfiguration;
			buildSettings = {
				ASSETCATALOG_COMPILER_APPICON_NAME = AppIcon;
				ASSETCATALOG_COMPILER_GLOBAL_ACCENT_COLOR_NAME = AccentColor;
				CODE_SIGN_STYLE = Automatic;
				DEVELOPMENT_ASSET_PATHS = "\"CocoSync/Preview Content\"";
				DEVELOPMENT_TEAM = YTNU4784W6;
				ENABLE_PREVIEWS = YES;
				INFOPLIST_FILE = CocoSync/Info.plist;
				IPHONEOS_DEPLOYMENT_TARGET = 14.0;
				LD_RUNPATH_SEARCH_PATHS = (
					"$(inherited)",
					"@executable_path/Frameworks",
				);
				PRODUCT_BUNDLE_IDENTIFIER = buzz.getcoco.CocoSync;
				PRODUCT_NAME = "$(TARGET_NAME)";
				SWIFT_VERSION = 5.0;
				TARGETED_DEVICE_FAMILY = "1,2";
			};
			name = Debug;
		};
		3B42C91825B2B8A40033900B /* Release */ = {
			isa = XCBuildConfiguration;
			buildSettings = {
				ASSETCATALOG_COMPILER_APPICON_NAME = AppIcon;
				ASSETCATALOG_COMPILER_GLOBAL_ACCENT_COLOR_NAME = AccentColor;
				CODE_SIGN_STYLE = Automatic;
				DEVELOPMENT_ASSET_PATHS = "\"CocoSync/Preview Content\"";
				DEVELOPMENT_TEAM = YTNU4784W6;
				ENABLE_PREVIEWS = YES;
				INFOPLIST_FILE = CocoSync/Info.plist;
				IPHONEOS_DEPLOYMENT_TARGET = 14.0;
				LD_RUNPATH_SEARCH_PATHS = (
					"$(inherited)",
					"@executable_path/Frameworks",
				);
				PRODUCT_BUNDLE_IDENTIFIER = buzz.getcoco.CocoSync;
				PRODUCT_NAME = "$(TARGET_NAME)";
				SWIFT_VERSION = 5.0;
				TARGETED_DEVICE_FAMILY = "1,2";
			};
			name = Release;
		};
		3B42C91A25B2B8A40033900B /* Debug */ = {
			isa = XCBuildConfiguration;
			buildSettings = {
				ALWAYS_EMBED_SWIFT_STANDARD_LIBRARIES = YES;
				BUNDLE_LOADER = "$(TEST_HOST)";
				CODE_SIGN_STYLE = Automatic;
				DEVELOPMENT_TEAM = YTNU4784W6;
				INFOPLIST_FILE = CocoSyncTests/Info.plist;
				IPHONEOS_DEPLOYMENT_TARGET = 14.0;
				LD_RUNPATH_SEARCH_PATHS = (
					"$(inherited)",
					"@executable_path/Frameworks",
					"@loader_path/Frameworks",
				);
				PRODUCT_BUNDLE_IDENTIFIER = buzz.getcoco.CocoSyncTests;
				PRODUCT_NAME = "$(TARGET_NAME)";
				SWIFT_VERSION = 5.0;
				TARGETED_DEVICE_FAMILY = "1,2";
				TEST_HOST = "$(BUILT_PRODUCTS_DIR)/CocoSync.app/CocoSync";
			};
			name = Debug;
		};
		3B42C91B25B2B8A40033900B /* Release */ = {
			isa = XCBuildConfiguration;
			buildSettings = {
				ALWAYS_EMBED_SWIFT_STANDARD_LIBRARIES = YES;
				BUNDLE_LOADER = "$(TEST_HOST)";
				CODE_SIGN_STYLE = Automatic;
				DEVELOPMENT_TEAM = YTNU4784W6;
				INFOPLIST_FILE = CocoSyncTests/Info.plist;
				IPHONEOS_DEPLOYMENT_TARGET = 14.0;
				LD_RUNPATH_SEARCH_PATHS = (
					"$(inherited)",
					"@executable_path/Frameworks",
					"@loader_path/Frameworks",
				);
				PRODUCT_BUNDLE_IDENTIFIER = buzz.getcoco.CocoSyncTests;
				PRODUCT_NAME = "$(TARGET_NAME)";
				SWIFT_VERSION = 5.0;
				TARGETED_DEVICE_FAMILY = "1,2";
				TEST_HOST = "$(BUILT_PRODUCTS_DIR)/CocoSync.app/CocoSync";
			};
			name = Release;
		};
		3B42C91D25B2B8A40033900B /* Debug */ = {
			isa = XCBuildConfiguration;
			buildSettings = {
				ALWAYS_EMBED_SWIFT_STANDARD_LIBRARIES = YES;
				CODE_SIGN_STYLE = Automatic;
				DEVELOPMENT_TEAM = YTNU4784W6;
				INFOPLIST_FILE = CocoSyncUITests/Info.plist;
				LD_RUNPATH_SEARCH_PATHS = (
					"$(inherited)",
					"@executable_path/Frameworks",
					"@loader_path/Frameworks",
				);
				PRODUCT_BUNDLE_IDENTIFIER = buzz.getcoco.CocoSyncUITests;
				PRODUCT_NAME = "$(TARGET_NAME)";
				SWIFT_VERSION = 5.0;
				TARGETED_DEVICE_FAMILY = "1,2";
				TEST_TARGET_NAME = CocoSync;
			};
			name = Debug;
		};
		3B42C91E25B2B8A40033900B /* Release */ = {
			isa = XCBuildConfiguration;
			buildSettings = {
				ALWAYS_EMBED_SWIFT_STANDARD_LIBRARIES = YES;
				CODE_SIGN_STYLE = Automatic;
				DEVELOPMENT_TEAM = YTNU4784W6;
				INFOPLIST_FILE = CocoSyncUITests/Info.plist;
				LD_RUNPATH_SEARCH_PATHS = (
					"$(inherited)",
					"@executable_path/Frameworks",
					"@loader_path/Frameworks",
				);
				PRODUCT_BUNDLE_IDENTIFIER = buzz.getcoco.CocoSyncUITests;
				PRODUCT_NAME = "$(TARGET_NAME)";
				SWIFT_VERSION = 5.0;
				TARGETED_DEVICE_FAMILY = "1,2";
				TEST_TARGET_NAME = CocoSync;
			};
			name = Release;
		};
/* End XCBuildConfiguration section */

/* Begin XCConfigurationList section */
		3B42C8EC25B2B8A30033900B /* Build configuration list for PBXProject "CocoSync" */ = {
			isa = XCConfigurationList;
			buildConfigurations = (
				3B42C91425B2B8A40033900B /* Debug */,
				3B42C91525B2B8A40033900B /* Release */,
			);
			defaultConfigurationIsVisible = 0;
			defaultConfigurationName = Release;
		};
		3B42C91625B2B8A40033900B /* Build configuration list for PBXNativeTarget "CocoSync" */ = {
			isa = XCConfigurationList;
			buildConfigurations = (
				3B42C91725B2B8A40033900B /* Debug */,
				3B42C91825B2B8A40033900B /* Release */,
			);
			defaultConfigurationIsVisible = 0;
			defaultConfigurationName = Release;
		};
		3B42C91925B2B8A40033900B /* Build configuration list for PBXNativeTarget "CocoSyncTests" */ = {
			isa = XCConfigurationList;
			buildConfigurations = (
				3B42C91A25B2B8A40033900B /* Debug */,
				3B42C91B25B2B8A40033900B /* Release */,
			);
			defaultConfigurationIsVisible = 0;
			defaultConfigurationName = Release;
		};
		3B42C91C25B2B8A40033900B /* Build configuration list for PBXNativeTarget "CocoSyncUITests" */ = {
			isa = XCConfigurationList;
			buildConfigurations = (
				3B42C91D25B2B8A40033900B /* Debug */,
				3B42C91E25B2B8A40033900B /* Release */,
			);
			defaultConfigurationIsVisible = 0;
			defaultConfigurationName = Release;
		};
/* End XCConfigurationList section */
	};
	rootObject = 3B42C8E925B2B8A30033900B /* Project object */;
}
